
Microsoft Visual Studio Solution File, Format Version 12.00
# Visual Studio Version 16
VisualStudioVersion = 16.0.29209.152
MinimumVisualStudioVersion = 10.0.40219.1
Project("{FAE04EC0-301F-11D3-BF4B-00C04F79EFBC}") = "Sales.UWP", "Sales\Sales.UWP\Sales.UWP.csproj", "{C03E2BC4-5FD1-4238-B37C-6FA24091A0F0}"
EndProject
Project("{FAE04EC0-301F-11D3-BF4B-00C04F79EFBC}") = "Sales.Android", "Sales\Sales.Android\Sales.Android.csproj", "{0E5B5D51-072B-4AE0-B7B7-529F4E94E3AA}"
EndProject
Project("{FAE04EC0-301F-11D3-BF4B-00C04F79EFBC}") = "Sales.iOS", "Sales\Sales.iOS\Sales.iOS.csproj", "{9652E813-BDF1-4970-BB2D-93047803F86B}"
EndProject
Project("{FAE04EC0-301F-11D3-BF4B-00C04F79EFBC}") = "Sales", "Sales\Sales\Sales.csproj", "{3783CAA1-3296-48DB-8129-12C39FC3924D}"
EndProject
Project("{FAE04EC0-301F-11D3-BF4B-00C04F79EFBC}") = "Sales.Backend", "Sales.Backend\Sales.Backend.csproj", "{122B2AD0-1171-43A7-A1F9-B5BC3F089CEA}"
EndProject
Project("{FAE04EC0-301F-11D3-BF4B-00C04F79EFBC}") = "Sales.API", "Sales.API\Sales.API.csproj", "{AA23F338-F094-43A3-9055-FB078D1056D2}"
EndProject
Project("{FAE04EC0-301F-11D3-BF4B-00C04F79EFBC}") = "Sales.Domain", "Sales.Domain\Sales.Domain.csproj", "{C12288B8-ECBE-4A45-8489-5D43B076E970}"
EndProject
Project("{FAE04EC0-301F-11D3-BF4B-00C04F79EFBC}") = "Sales.Common", "Sales.Common\Sales.Common.csproj", "{B986E636-237B-4C7A-A5D8-AC3EE61F797E}"
EndProject
Global
	GlobalSection(SolutionConfigurationPlatforms) = preSolution
		Debug|Any CPU = Debug|Any CPU
		Debug|ARM = Debug|ARM
		Debug|iPhone = Debug|iPhone
		Debug|iPhoneSimulator = Debug|iPhoneSimulator
		Debug|x64 = Debug|x64
		Debug|x86 = Debug|x86
		Release|Any CPU = Release|Any CPU
		Release|ARM = Release|ARM
		Release|iPhone = Release|iPhone
		Release|iPhoneSimulator = Release|iPhoneSimulator
		Release|x64 = Release|x64
		Release|x86 = Release|x86
	EndGlobalSection
	GlobalSection(ProjectConfigurationPlatforms) = postSolution
		{C03E2BC4-5FD1-4238-B37C-6FA24091A0F0}.Debug|Any CPU.ActiveCfg = Debug|x86
		{C03E2BC4-5FD1-4238-B37C-6FA24091A0F0}.Debug|Any CPU.Build.0 = Debug|x86
		{C03E2BC4-5FD1-4238-B37C-6FA24091A0F0}.Debug|Any CPU.Deploy.0 = Debug|x86
		{C03E2BC4-5FD1-4238-B37C-6FA24091A0F0}.Debug|ARM.ActiveCfg = Debug|ARM
		{C03E2BC4-5FD1-4238-B37C-6FA24091A0F0}.Debug|ARM.Build.0 = Debug|ARM
		{C03E2BC4-5FD1-4238-B37C-6FA24091A0F0}.Debug|ARM.Deploy.0 = Debug|ARM
		{C03E2BC4-5FD1-4238-B37C-6FA24091A0F0}.Debug|iPhone.ActiveCfg = Debug|x86
		{C03E2BC4-5FD1-4238-B37C-6FA24091A0F0}.Debug|iPhone.Build.0 = Debug|x86
		{C03E2BC4-5FD1-4238-B37C-6FA24091A0F0}.Debug|iPhone.Deploy.0 = Debug|x86
		{C03E2BC4-5FD1-4238-B37C-6FA24091A0F0}.Debug|iPhoneSimulator.ActiveCfg = Debug|x86
		{C03E2BC4-5FD1-4238-B37C-6FA24091A0F0}.Debug|iPhoneSimulator.Build.0 = Debug|x86
		{C03E2BC4-5FD1-4238-B37C-6FA24091A0F0}.Debug|iPhoneSimulator.Deploy.0 = Debug|x86
		{C03E2BC4-5FD1-4238-B37C-6FA24091A0F0}.Debug|x64.ActiveCfg = Debug|x64
		{C03E2BC4-5FD1-4238-B37C-6FA24091A0F0}.Debug|x64.Build.0 = Debug|x64
		{C03E2BC4-5FD1-4238-B37C-6FA24091A0F0}.Debug|x64.Deploy.0 = Debug|x64
		{C03E2BC4-5FD1-4238-B37C-6FA24091A0F0}.Debug|x86.ActiveCfg = Debug|x86
		{C03E2BC4-5FD1-4238-B37C-6FA24091A0F0}.Debug|x86.Build.0 = Debug|x86
		{C03E2BC4-5FD1-4238-B37C-6FA24091A0F0}.Debug|x86.Deploy.0 = Debug|x86
		{C03E2BC4-5FD1-4238-B37C-6FA24091A0F0}.Release|Any CPU.ActiveCfg = Release|x86
		{C03E2BC4-5FD1-4238-B37C-6FA24091A0F0}.Release|Any CPU.Build.0 = Release|x86
		{C03E2BC4-5FD1-4238-B37C-6FA24091A0F0}.Release|Any CPU.Deploy.0 = Release|x86
		{C03E2BC4-5FD1-4238-B37C-6FA24091A0F0}.Release|ARM.ActiveCfg = Release|ARM
		{C03E2BC4-5FD1-4238-B37C-6FA24091A0F0}.Release|ARM.Build.0 = Release|ARM
		{C03E2BC4-5FD1-4238-B37C-6FA24091A0F0}.Release|ARM.Deploy.0 = Release|ARM
		{C03E2BC4-5FD1-4238-B37C-6FA24091A0F0}.Release|iPhone.ActiveCfg = Release|x86
		{C03E2BC4-5FD1-4238-B37C-6FA24091A0F0}.Release|iPhone.Build.0 = Release|x86
		{C03E2BC4-5FD1-4238-B37C-6FA24091A0F0}.Release|iPhone.Deploy.0 = Release|x86
		{C03E2BC4-5FD1-4238-B37C-6FA24091A0F0}.Release|iPhoneSimulator.ActiveCfg = Release|x86
		{C03E2BC4-5FD1-4238-B37C-6FA24091A0F0}.Release|iPhoneSimulator.Build.0 = Release|x86
		{C03E2BC4-5FD1-4238-B37C-6FA24091A0F0}.Release|iPhoneSimulator.Deploy.0 = Release|x86
		{C03E2BC4-5FD1-4238-B37C-6FA24091A0F0}.Release|x64.ActiveCfg = Release|x64
		{C03E2BC4-5FD1-4238-B37C-6FA24091A0F0}.Release|x64.Build.0 = Release|x64
		{C03E2BC4-5FD1-4238-B37C-6FA24091A0F0}.Release|x64.Deploy.0 = Release|x64
		{C03E2BC4-5FD1-4238-B37C-6FA24091A0F0}.Release|x86.ActiveCfg = Release|x86
		{C03E2BC4-5FD1-4238-B37C-6FA24091A0F0}.Release|x86.Build.0 = Release|x86
		{C03E2BC4-5FD1-4238-B37C-6FA24091A0F0}.Release|x86.Deploy.0 = Release|x86
		{0E5B5D51-072B-4AE0-B7B7-529F4E94E3AA}.Debug|Any CPU.ActiveCfg = Debug|Any CPU
		{0E5B5D51-072B-4AE0-B7B7-529F4E94E3AA}.Debug|Any CPU.Build.0 = Debug|Any CPU
		{0E5B5D51-072B-4AE0-B7B7-529F4E94E3AA}.Debug|Any CPU.Deploy.0 = Debug|Any CPU
		{0E5B5D51-072B-4AE0-B7B7-529F4E94E3AA}.Debug|ARM.ActiveCfg = Debug|Any CPU
		{0E5B5D51-072B-4AE0-B7B7-529F4E94E3AA}.Debug|ARM.Build.0 = Debug|Any CPU
		{0E5B5D51-072B-4AE0-B7B7-529F4E94E3AA}.Debug|ARM.Deploy.0 = Debug|Any CPU
		{0E5B5D51-072B-4AE0-B7B7-529F4E94E3AA}.Debug|iPhone.ActiveCfg = Debug|Any CPU
		{0E5B5D51-072B-4AE0-B7B7-529F4E94E3AA}.Debug|iPhone.Build.0 = Debug|Any CPU
		{0E5B5D51-072B-4AE0-B7B7-529F4E94E3AA}.Debug|iPhone.Deploy.0 = Debug|Any CPU
		{0E5B5D51-072B-4AE0-B7B7-529F4E94E3AA}.Debug|iPhoneSimulator.ActiveCfg = Debug|Any CPU
		{0E5B5D51-072B-4AE0-B7B7-529F4E94E3AA}.Debug|iPhoneSimulator.Build.0 = Debug|Any CPU
		{0E5B5D51-072B-4AE0-B7B7-529F4E94E3AA}.Debug|iPhoneSimulator.Deploy.0 = Debug|Any CPU
		{0E5B5D51-072B-4AE0-B7B7-529F4E94E3AA}.Debug|x64.ActiveCfg = Debug|Any CPU
		{0E5B5D51-072B-4AE0-B7B7-529F4E94E3AA}.Debug|x64.Build.0 = Debug|Any CPU
		{0E5B5D51-072B-4AE0-B7B7-529F4E94E3AA}.Debug|x64.Deploy.0 = Debug|Any CPU
		{0E5B5D51-072B-4AE0-B7B7-529F4E94E3AA}.Debug|x86.ActiveCfg = Debug|Any CPU
		{0E5B5D51-072B-4AE0-B7B7-529F4E94E3AA}.Debug|x86.Build.0 = Debug|Any CPU
		{0E5B5D51-072B-4AE0-B7B7-529F4E94E3AA}.Debug|x86.Deploy.0 = Debug|Any CPU
		{0E5B5D51-072B-4AE0-B7B7-529F4E94E3AA}.Release|Any CPU.ActiveCfg = Release|Any CPU
		{0E5B5D51-072B-4AE0-B7B7-529F4E94E3AA}.Release|Any CPU.Build.0 = Release|Any CPU
		{0E5B5D51-072B-4AE0-B7B7-529F4E94E3AA}.Release|Any CPU.Deploy.0 = Release|Any CPU
		{0E5B5D51-072B-4AE0-B7B7-529F4E94E3AA}.Release|ARM.ActiveCfg = Release|Any CPU
		{0E5B5D51-072B-4AE0-B7B7-529F4E94E3AA}.Release|ARM.Build.0 = Release|Any CPU
		{0E5B5D51-072B-4AE0-B7B7-529F4E94E3AA}.Release|ARM.Deploy.0 = Release|Any CPU
		{0E5B5D51-072B-4AE0-B7B7-529F4E94E3AA}.Release|iPhone.ActiveCfg = Release|Any CPU
		{0E5B5D51-072B-4AE0-B7B7-529F4E94E3AA}.Release|iPhone.Build.0 = Release|Any CPU
		{0E5B5D51-072B-4AE0-B7B7-529F4E94E3AA}.Release|iPhone.Deploy.0 = Release|Any CPU
		{0E5B5D51-072B-4AE0-B7B7-529F4E94E3AA}.Release|iPhoneSimulator.ActiveCfg = Release|Any CPU
		{0E5B5D51-072B-4AE0-B7B7-529F4E94E3AA}.Release|iPhoneSimulator.Build.0 = Release|Any CPU
		{0E5B5D51-072B-4AE0-B7B7-529F4E94E3AA}.Release|iPhoneSimulator.Deploy.0 = Release|Any CPU
		{0E5B5D51-072B-4AE0-B7B7-529F4E94E3AA}.Release|x64.ActiveCfg = Release|Any CPU
		{0E5B5D51-072B-4AE0-B7B7-529F4E94E3AA}.Release|x64.Build.0 = Release|Any CPU
		{0E5B5D51-072B-4AE0-B7B7-529F4E94E3AA}.Release|x64.Deploy.0 = Release|Any CPU
		{0E5B5D51-072B-4AE0-B7B7-529F4E94E3AA}.Release|x86.ActiveCfg = Release|Any CPU
		{0E5B5D51-072B-4AE0-B7B7-529F4E94E3AA}.Release|x86.Build.0 = Release|Any CPU
		{0E5B5D51-072B-4AE0-B7B7-529F4E94E3AA}.Release|x86.Deploy.0 = Release|Any CPU
		{9652E813-BDF1-4970-BB2D-93047803F86B}.Debug|Any CPU.ActiveCfg = Debug|iPhone
		{9652E813-BDF1-4970-BB2D-93047803F86B}.Debug|Any CPU.Build.0 = Debug|iPhone
		{9652E813-BDF1-4970-BB2D-93047803F86B}.Debug|Any CPU.Deploy.0 = Debug|iPhone
		{9652E813-BDF1-4970-BB2D-93047803F86B}.Debug|ARM.ActiveCfg = Debug|iPhoneSimulator
		{9652E813-BDF1-4970-BB2D-93047803F86B}.Debug|ARM.Build.0 = Debug|iPhoneSimulator
		{9652E813-BDF1-4970-BB2D-93047803F86B}.Debug|ARM.Deploy.0 = Debug|iPhoneSimulator
		{9652E813-BDF1-4970-BB2D-93047803F86B}.Debug|iPhone.ActiveCfg = Debug|iPhone
		{9652E813-BDF1-4970-BB2D-93047803F86B}.Debug|iPhone.Build.0 = Debug|iPhone
		{9652E813-BDF1-4970-BB2D-93047803F86B}.Debug|iPhone.Deploy.0 = Debug|iPhone
		{9652E813-BDF1-4970-BB2D-93047803F86B}.Debug|iPhoneSimulator.ActiveCfg = Debug|iPhoneSimulator
		{9652E813-BDF1-4970-BB2D-93047803F86B}.Debug|iPhoneSimulator.Build.0 = Debug|iPhoneSimulator
		{9652E813-BDF1-4970-BB2D-93047803F86B}.Debug|iPhoneSimulator.Deploy.0 = Debug|iPhoneSimulator
		{9652E813-BDF1-4970-BB2D-93047803F86B}.Debug|x64.ActiveCfg = Debug|iPhone
		{9652E813-BDF1-4970-BB2D-93047803F86B}.Debug|x64.Build.0 = Debug|iPhone
		{9652E813-BDF1-4970-BB2D-93047803F86B}.Debug|x64.Deploy.0 = Debug|iPhone
		{9652E813-BDF1-4970-BB2D-93047803F86B}.Debug|x86.ActiveCfg = Debug|iPhone
		{9652E813-BDF1-4970-BB2D-93047803F86B}.Debug|x86.Build.0 = Debug|iPhone
		{9652E813-BDF1-4970-BB2D-93047803F86B}.Debug|x86.Deploy.0 = Debug|iPhone
		{9652E813-BDF1-4970-BB2D-93047803F86B}.Release|Any CPU.ActiveCfg = Release|iPhone
		{9652E813-BDF1-4970-BB2D-93047803F86B}.Release|Any CPU.Build.0 = Release|iPhone
		{9652E813-BDF1-4970-BB2D-93047803F86B}.Release|Any CPU.Deploy.0 = Release|iPhone
		{9652E813-BDF1-4970-BB2D-93047803F86B}.Release|ARM.ActiveCfg = Release|iPhone
		{9652E813-BDF1-4970-BB2D-93047803F86B}.Release|ARM.Build.0 = Release|iPhone
		{9652E813-BDF1-4970-BB2D-93047803F86B}.Release|ARM.Deploy.0 = Release|iPhone
		{9652E813-BDF1-4970-BB2D-93047803F86B}.Release|iPhone.ActiveCfg = Release|iPhone
		{9652E813-BDF1-4970-BB2D-93047803F86B}.Release|iPhone.Build.0 = Release|iPhone
		{9652E813-BDF1-4970-BB2D-93047803F86B}.Release|iPhone.Deploy.0 = Release|iPhone
		{9652E813-BDF1-4970-BB2D-93047803F86B}.Release|iPhoneSimulator.ActiveCfg = Release|iPhoneSimulator
		{9652E813-BDF1-4970-BB2D-93047803F86B}.Release|iPhoneSimulator.Build.0 = Release|iPhoneSimulator
		{9652E813-BDF1-4970-BB2D-93047803F86B}.Release|iPhoneSimulator.Deploy.0 = Release|iPhoneSimulator
		{9652E813-BDF1-4970-BB2D-93047803F86B}.Release|x64.ActiveCfg = Release|iPhone
		{9652E813-BDF1-4970-BB2D-93047803F86B}.Release|x64.Build.0 = Release|iPhone
		{9652E813-BDF1-4970-BB2D-93047803F86B}.Release|x64.Deploy.0 = Release|iPhone
		{9652E813-BDF1-4970-BB2D-93047803F86B}.Release|x86.ActiveCfg = Release|iPhone
		{9652E813-BDF1-4970-BB2D-93047803F86B}.Release|x86.Build.0 = Release|iPhone
		{9652E813-BDF1-4970-BB2D-93047803F86B}.Release|x86.Deploy.0 = Release|iPhone
		{3783CAA1-3296-48DB-8129-12C39FC3924D}.Debug|Any CPU.ActiveCfg = Debug|Any CPU
		{3783CAA1-3296-48DB-8129-12C39FC3924D}.Debug|Any CPU.Build.0 = Debug|Any CPU
		{3783CAA1-3296-48DB-8129-12C39FC3924D}.Debug|Any CPU.Deploy.0 = Debug|Any CPU
		{3783CAA1-3296-48DB-8129-12C39FC3924D}.Debug|ARM.ActiveCfg = Debug|Any CPU
		{3783CAA1-3296-48DB-8129-12C39FC3924D}.Debug|ARM.Build.0 = Debug|Any CPU
		{3783CAA1-3296-48DB-8129-12C39FC3924D}.Debug|ARM.Deploy.0 = Debug|Any CPU
		{3783CAA1-3296-48DB-8129-12C39FC3924D}.Debug|iPhone.ActiveCfg = Debug|Any CPU
		{3783CAA1-3296-48DB-8129-12C39FC3924D}.Debug|iPhone.Build.0 = Debug|Any CPU
		{3783CAA1-3296-48DB-8129-12C39FC3924D}.Debug|iPhone.Deploy.0 = Debug|Any CPU
		{3783CAA1-3296-48DB-8129-12C39FC3924D}.Debug|iPhoneSimulator.ActiveCfg = Debug|Any CPU
		{3783CAA1-3296-48DB-8129-12C39FC3924D}.Debug|iPhoneSimulator.Build.0 = Debug|Any CPU
		{3783CAA1-3296-48DB-8129-12C39FC3924D}.Debug|iPhoneSimulator.Deploy.0 = Debug|Any CPU
		{3783CAA1-3296-48DB-8129-12C39FC3924D}.Debug|x64.ActiveCfg = Debug|Any CPU
		{3783CAA1-3296-48DB-8129-12C39FC3924D}.Debug|x64.Build.0 = Debug|Any CPU
		{3783CAA1-3296-48DB-8129-12C39FC3924D}.Debug|x64.Deploy.0 = Debug|Any CPU
		{3783CAA1-3296-48DB-8129-12C39FC3924D}.Debug|x86.ActiveCfg = Debug|Any CPU
		{3783CAA1-3296-48DB-8129-12C39FC3924D}.Debug|x86.Build.0 = Debug|Any CPU
		{3783CAA1-3296-48DB-8129-12C39FC3924D}.Debug|x86.Deploy.0 = Debug|Any CPU
		{3783CAA1-3296-48DB-8129-12C39FC3924D}.Release|Any CPU.ActiveCfg = Release|Any CPU
		{3783CAA1-3296-48DB-8129-12C39FC3924D}.Release|Any CPU.Build.0 = Release|Any CPU
		{3783CAA1-3296-48DB-8129-12C39FC3924D}.Release|Any CPU.Deploy.0 = Release|Any CPU
		{3783CAA1-3296-48DB-8129-12C39FC3924D}.Release|ARM.ActiveCfg = Release|Any CPU
		{3783CAA1-3296-48DB-8129-12C39FC3924D}.Release|ARM.Build.0 = Release|Any CPU
		{3783CAA1-3296-48DB-8129-12C39FC3924D}.Release|ARM.Deploy.0 = Release|Any CPU
		{3783CAA1-3296-48DB-8129-12C39FC3924D}.Release|iPhone.ActiveCfg = Release|Any CPU
		{3783CAA1-3296-48DB-8129-12C39FC3924D}.Release|iPhone.Build.0 = Release|Any CPU
		{3783CAA1-3296-48DB-8129-12C39FC3924D}.Release|iPhone.Deploy.0 = Release|Any CPU
		{3783CAA1-3296-48DB-8129-12C39FC3924D}.Release|iPhoneSimulator.ActiveCfg = Release|Any CPU
		{3783CAA1-3296-48DB-8129-12C39FC3924D}.Release|iPhoneSimulator.Build.0 = Release|Any CPU
		{3783CAA1-3296-48DB-8129-12C39FC3924D}.Release|iPhoneSimulator.Deploy.0 = Release|Any CPU
		{3783CAA1-3296-48DB-8129-12C39FC3924D}.Release|x64.ActiveCfg = Release|Any CPU
		{3783CAA1-3296-48DB-8129-12C39FC3924D}.Release|x64.Build.0 = Release|Any CPU
		{3783CAA1-3296-48DB-8129-12C39FC3924D}.Release|x64.Deploy.0 = Release|Any CPU
		{3783CAA1-3296-48DB-8129-12C39FC3924D}.Release|x86.ActiveCfg = Release|Any CPU
		{3783CAA1-3296-48DB-8129-12C39FC3924D}.Release|x86.Build.0 = Release|Any CPU
		{3783CAA1-3296-48DB-8129-12C39FC3924D}.Release|x86.Deploy.0 = Release|Any CPU
		{122B2AD0-1171-43A7-A1F9-B5BC3F089CEA}.Debug|Any CPU.ActiveCfg = Debug|Any CPU
		{122B2AD0-1171-43A7-A1F9-B5BC3F089CEA}.Debug|Any CPU.Build.0 = Debug|Any CPU
		{122B2AD0-1171-43A7-A1F9-B5BC3F089CEA}.Debug|ARM.ActiveCfg = Debug|Any CPU
		{122B2AD0-1171-43A7-A1F9-B5BC3F089CEA}.Debug|ARM.Build.0 = Debug|Any CPU
		{122B2AD0-1171-43A7-A1F9-B5BC3F089CEA}.Debug|iPhone.ActiveCfg = Debug|Any CPU
		{122B2AD0-1171-43A7-A1F9-B5BC3F089CEA}.Debug|iPhone.Build.0 = Debug|Any CPU
		{122B2AD0-1171-43A7-A1F9-B5BC3F089CEA}.Debug|iPhoneSimulator.ActiveCfg = Debug|Any CPU
		{122B2AD0-1171-43A7-A1F9-B5BC3F089CEA}.Debug|iPhoneSimulator.Build.0 = Debug|Any CPU
		{122B2AD0-1171-43A7-A1F9-B5BC3F089CEA}.Debug|x64.ActiveCfg = Debug|Any CPU
		{122B2AD0-1171-43A7-A1F9-B5BC3F089CEA}.Debug|x64.Build.0 = Debug|Any CPU
		{122B2AD0-1171-43A7-A1F9-B5BC3F089CEA}.Debug|x86.ActiveCfg = Debug|Any CPU
		{122B2AD0-1171-43A7-A1F9-B5BC3F089CEA}.Debug|x86.Build.0 = Debug|Any CPU
		{122B2AD0-1171-43A7-A1F9-B5BC3F089CEA}.Release|Any CPU.ActiveCfg = Release|Any CPU
		{122B2AD0-1171-43A7-A1F9-B5BC3F089CEA}.Release|Any CPU.Build.0 = Release|Any CPU
		{122B2AD0-1171-43A7-A1F9-B5BC3F089CEA}.Release|ARM.ActiveCfg = Release|Any CPU
		{122B2AD0-1171-43A7-A1F9-B5BC3F089CEA}.Release|ARM.Build.0 = Release|Any CPU
		{122B2AD0-1171-43A7-A1F9-B5BC3F089CEA}.Release|iPhone.ActiveCfg = Release|Any CPU
		{122B2AD0-1171-43A7-A1F9-B5BC3F089CEA}.Release|iPhone.Build.0 = Release|Any CPU
		{122B2AD0-1171-43A7-A1F9-B5BC3F089CEA}.Release|iPhoneSimulator.ActiveCfg = Release|Any CPU
		{122B2AD0-1171-43A7-A1F9-B5BC3F089CEA}.Release|iPhoneSimulator.Build.0 = Release|Any CPU
		{122B2AD0-1171-43A7-A1F9-B5BC3F089CEA}.Release|x64.ActiveCfg = Release|Any CPU
		{122B2AD0-1171-43A7-A1F9-B5BC3F089CEA}.Release|x64.Build.0 = Release|Any CPU
		{122B2AD0-1171-43A7-A1F9-B5BC3F089CEA}.Release|x86.ActiveCfg = Release|Any CPU
		{122B2AD0-1171-43A7-A1F9-B5BC3F089CEA}.Release|x86.Build.0 = Release|Any CPU
		{AA23F338-F094-43A3-9055-FB078D1056D2}.Debug|Any CPU.ActiveCfg = Debug|Any CPU
		{AA23F338-F094-43A3-9055-FB078D1056D2}.Debug|Any CPU.Build.0 = Debug|Any CPU
		{AA23F338-F094-43A3-9055-FB078D1056D2}.Debug|ARM.ActiveCfg = Debug|Any CPU
		{AA23F338-F094-43A3-9055-FB078D1056D2}.Debug|ARM.Build.0 = Debug|Any CPU
		{AA23F338-F094-43A3-9055-FB078D1056D2}.Debug|iPhone.ActiveCfg = Debug|Any CPU
		{AA23F338-F094-43A3-9055-FB078D1056D2}.Debug|iPhone.Build.0 = Debug|Any CPU
		{AA23F338-F094-43A3-9055-FB078D1056D2}.Debug|iPhoneSimulator.ActiveCfg = Debug|Any CPU
		{AA23F338-F094-43A3-9055-FB078D1056D2}.Debug|iPhoneSimulator.Build.0 = Debug|Any CPU
		{AA23F338-F094-43A3-9055-FB078D1056D2}.Debug|x64.ActiveCfg = Debug|Any CPU
		{AA23F338-F094-43A3-9055-FB078D1056D2}.Debug|x64.Build.0 = Debug|Any CPU
		{AA23F338-F094-43A3-9055-FB078D1056D2}.Debug|x86.ActiveCfg = Debug|Any CPU
		{AA23F338-F094-43A3-9055-FB078D1056D2}.Debug|x86.Build.0 = Debug|Any CPU
		{AA23F338-F094-43A3-9055-FB078D1056D2}.Release|Any CPU.ActiveCfg = Release|Any CPU
		{AA23F338-F094-43A3-9055-FB078D1056D2}.Release|Any CPU.Build.0 = Release|Any CPU
		{AA23F338-F094-43A3-9055-FB078D1056D2}.Release|ARM.ActiveCfg = Release|Any CPU
		{AA23F338-F094-43A3-9055-FB078D1056D2}.Release|ARM.Build.0 = Release|Any CPU
		{AA23F338-F094-43A3-9055-FB078D1056D2}.Release|iPhone.ActiveCfg = Release|Any CPU
		{AA23F338-F094-43A3-9055-FB078D1056D2}.Release|iPhone.Build.0 = Release|Any CPU
		{AA23F338-F094-43A3-9055-FB078D1056D2}.Release|iPhoneSimulator.ActiveCfg = Release|Any CPU
		{AA23F338-F094-43A3-9055-FB078D1056D2}.Release|iPhoneSimulator.Build.0 = Release|Any CPU
		{AA23F338-F094-43A3-9055-FB078D1056D2}.Release|x64.ActiveCfg = Release|Any CPU
		{AA23F338-F094-43A3-9055-FB078D1056D2}.Release|x64.Build.0 = Release|Any CPU
		{AA23F338-F094-43A3-9055-FB078D1056D2}.Release|x86.ActiveCfg = Release|Any CPU
		{AA23F338-F094-43A3-9055-FB078D1056D2}.Release|x86.Build.0 = Release|Any CPU
		{C12288B8-ECBE-4A45-8489-5D43B076E970}.Debug|Any CPU.ActiveCfg = Debug|Any CPU
		{C12288B8-ECBE-4A45-8489-5D43B076E970}.Debug|Any CPU.Build.0 = Debug|Any CPU
		{C12288B8-ECBE-4A45-8489-5D43B076E970}.Debug|ARM.ActiveCfg = Debug|Any CPU
		{C12288B8-ECBE-4A45-8489-5D43B076E970}.Debug|ARM.Build.0 = Debug|Any CPU
		{C12288B8-ECBE-4A45-8489-5D43B076E970}.Debug|iPhone.ActiveCfg = Debug|Any CPU
		{C12288B8-ECBE-4A45-8489-5D43B076E970}.Debug|iPhone.Build.0 = Debug|Any CPU
		{C12288B8-ECBE-4A45-8489-5D43B076E970}.Debug|iPhoneSimulator.ActiveCfg = Debug|Any CPU
		{C12288B8-ECBE-4A45-8489-5D43B076E970}.Debug|iPhoneSimulator.Build.0 = Debug|Any CPU
		{C12288B8-ECBE-4A45-8489-5D43B076E970}.Debug|x64.ActiveCfg = Debug|Any CPU
		{C12288B8-ECBE-4A45-8489-5D43B076E970}.Debug|x64.Build.0 = Debug|Any CPU
		{C12288B8-ECBE-4A45-8489-5D43B076E970}.Debug|x86.ActiveCfg = Debug|Any CPU
		{C12288B8-ECBE-4A45-8489-5D43B076E970}.Debug|x86.Build.0 = Debug|Any CPU
		{C12288B8-ECBE-4A45-8489-5D43B076E970}.Release|Any CPU.ActiveCfg = Release|Any CPU
		{C12288B8-ECBE-4A45-8489-5D43B076E970}.Release|Any CPU.Build.0 = Release|Any CPU
		{C12288B8-ECBE-4A45-8489-5D43B076E970}.Release|ARM.ActiveCfg = Release|Any CPU
		{C12288B8-ECBE-4A45-8489-5D43B076E970}.Release|ARM.Build.0 = Release|Any CPU
		{C12288B8-ECBE-4A45-8489-5D43B076E970}.Release|iPhone.ActiveCfg = Release|Any CPU
		{C12288B8-ECBE-4A45-8489-5D43B076E970}.Release|iPhone.Build.0 = Release|Any CPU
		{C12288B8-ECBE-4A45-8489-5D43B076E970}.Release|iPhoneSimulator.ActiveCfg = Release|Any CPU
		{C12288B8-ECBE-4A45-8489-5D43B076E970}.Release|iPhoneSimulator.Build.0 = Release|Any CPU
		{C12288B8-ECBE-4A45-8489-5D43B076E970}.Release|x64.ActiveCfg = Release|Any CPU
		{C12288B8-ECBE-4A45-8489-5D43B076E970}.Release|x64.Build.0 = Release|Any CPU
		{C12288B8-ECBE-4A45-8489-5D43B076E970}.Release|x86.ActiveCfg = Release|Any CPU
		{C12288B8-ECBE-4A45-8489-5D43B076E970}.Release|x86.Build.0 = Release|Any CPU
		{B986E636-237B-4C7A-A5D8-AC3EE61F797E}.Debug|Any CPU.ActiveCfg = Debug|Any CPU
		{B986E636-237B-4C7A-A5D8-AC3EE61F797E}.Debug|Any CPU.Build.0 = Debug|Any CPU
		{B986E636-237B-4C7A-A5D8-AC3EE61F797E}.Debug|ARM.ActiveCfg = Debug|Any CPU
		{B986E636-237B-4C7A-A5D8-AC3EE61F797E}.Debug|ARM.Build.0 = Debug|Any CPU
		{B986E636-237B-4C7A-A5D8-AC3EE61F797E}.Debug|iPhone.ActiveCfg = Debug|Any CPU
		{B986E636-237B-4C7A-A5D8-AC3EE61F797E}.Debug|iPhone.Build.0 = Debug|Any CPU
		{B986E636-237B-4C7A-A5D8-AC3EE61F797E}.Debug|iPhoneSimulator.ActiveCfg = Debug|Any CPU
		{B986E636-237B-4C7A-A5D8-AC3EE61F797E}.Debug|iPhoneSimulator.Build.0 = Debug|Any CPU
		{B986E636-237B-4C7A-A5D8-AC3EE61F797E}.Debug|x64.ActiveCfg = Debug|Any CPU
		{B986E636-237B-4C7A-A5D8-AC3EE61F797E}.Debug|x64.Build.0 = Debug|Any CPU
		{B986E636-237B-4C7A-A5D8-AC3EE61F797E}.Debug|x86.ActiveCfg = Debug|Any CPU
		{B986E636-237B-4C7A-A5D8-AC3EE61F797E}.Debug|x86.Build.0 = Debug|Any CPU
		{B986E636-237B-4C7A-A5D8-AC3EE61F797E}.Release|Any CPU.ActiveCfg = Release|Any CPU
		{B986E636-237B-4C7A-A5D8-AC3EE61F797E}.Release|Any CPU.Build.0 = Release|Any CPU
		{B986E636-237B-4C7A-A5D8-AC3EE61F797E}.Release|ARM.ActiveCfg = Release|Any CPU
		{B986E636-237B-4C7A-A5D8-AC3EE61F797E}.Release|ARM.Build.0 = Release|Any CPU
		{B986E636-237B-4C7A-A5D8-AC3EE61F797E}.Release|iPhone.ActiveCfg = Release|Any CPU
		{B986E636-237B-4C7A-A5D8-AC3EE61F797E}.Release|iPhone.Build.0 = Release|Any CPU
		{B986E636-237B-4C7A-A5D8-AC3EE61F797E}.Release|iPhoneSimulator.ActiveCfg = Release|Any CPU
		{B986E636-237B-4C7A-A5D8-AC3EE61F797E}.Release|iPhoneSimulator.Build.0 = Release|Any CPU
		{B986E636-237B-4C7A-A5D8-AC3EE61F797E}.Release|x64.ActiveCfg = Release|Any CPU
		{B986E636-237B-4C7A-A5D8-AC3EE61F797E}.Release|x64.Build.0 = Release|Any CPU
		{B986E636-237B-4C7A-A5D8-AC3EE61F797E}.Release|x86.ActiveCfg = Release|Any CPU
		{B986E636-237B-4C7A-A5D8-AC3EE61F797E}.Release|x86.Build.0 = Release|Any CPU
	EndGlobalSection
	GlobalSection(SolutionProperties) = preSolution
		HideSolutionNode = FALSE
	EndGlobalSection
	GlobalSection(ExtensibilityGlobals) = postSolution
		SolutionGuid = {3E29933E-C9FB-42ED-B4A4-DB9F84ED875B}
	EndGlobalSection
EndGlobal
